
Microsoft Visual Studio Solution File, Format Version 12.00
# Visual Studio Version 16
VisualStudioVersion = 16.0.31515.178
MinimumVisualStudioVersion = 10.0.40219.1
Project("{9A19103F-16F7-4668-BE54-9A1E7A4F7556}") = "WebApplication2", "WebApplication2\WebApplication2.csproj", "{4EAF98BD-F4A8-4ECB-A882-73417939C1D3}"
EndProject
Global
	GlobalSection(SolutionConfigurationPlatforms) = preSolution
		Debug|Any CPU = Debug|Any CPU
		Release|Any CPU = Release|Any CPU
	EndGlobalSection
	GlobalSection(ProjectConfigurationPlatforms) = postSolution
		{4EAF98BD-F4A8-4ECB-A882-73417939C1D3}.Debug|Any CPU.ActiveCfg = Debug|Any CPU
		{4EAF98BD-F4A8-4ECB-A882-73417939C1D3}.Debug|Any CPU.Build.0 = Debug|Any CPU
		{4EAF98BD-F4A8-4ECB-A882-73417939C1D3}.Release|Any CPU.ActiveCfg = Release|Any CPU
		{4EAF98BD-F4A8-4ECB-A882-73417939C1D3}.Release|Any CPU.Build.0 = Release|Any CPU
	EndGlobalSection
	GlobalSection(SolutionProperties) = preSolution
		HideSolutionNode = FALSE
	EndGlobalSection
	GlobalSection(ExtensibilityGlobals) = postSolution
		SolutionGuid = {94DE7101-E7FC-49F6-957D-5E0D011FDC46}
	EndGlobalSection
EndGlobal
